
Microsoft Visual Studio Solution File, Format Version 12.00
# Visual Studio Version 16
VisualStudioVersion = 16.0.29424.173
MinimumVisualStudioVersion = 10.0.40219.1
Project("{FAE04EC0-301F-11D3-BF4B-00C04F79EFBC}") = "BaseForm", "BaseForm\BaseForm.csproj", "{340435C6-66FF-493F-BE51-F0DD8F0ABC7B}"
EndProject
Project("{FAE04EC0-301F-11D3-BF4B-00C04F79EFBC}") = "CodingConvert", "CodingConvert\CodingConvert.csproj", "{52201412-1598-40A3-9898-CB4E320AD5EC}"
EndProject
Project("{FAE04EC0-301F-11D3-BF4B-00C04F79EFBC}") = "CommonEncrypt", "CommonEncrypt\CommonEncrypt.csproj", "{1A48E205-7F23-464F-AAB4-298356852C28}"
EndProject
Project("{FAE04EC0-301F-11D3-BF4B-00C04F79EFBC}") = "CommonHelper", "CommonHelper\CommonHelper.csproj", "{423C17AD-325D-4D40-8F18-9BF1FD26D0DA}"
EndProject
Project("{FAE04EC0-301F-11D3-BF4B-00C04F79EFBC}") = "DataLayer", "DataLayer\DataLayer.csproj", "{43DB48C8-572D-420B-ABA4-BF445697B74F}"
EndProject
Project("{FAE04EC0-301F-11D3-BF4B-00C04F79EFBC}") = "DateTimeDIFF", "DateTimeDIFF\DateTimeDIFF.csproj", "{382EBCFA-B602-4C99-A925-B2EA72C1F832}"
EndProject
Project("{FAE04EC0-301F-11D3-BF4B-00C04F79EFBC}") = "DllFiles", "DllFiles\DllFiles.csproj", "{C2C1F812-E06C-4B12-9B7C-0795D39BF634}"
EndProject
Project("{FAE04EC0-301F-11D3-BF4B-00C04F79EFBC}") = "MD5Tool", "MD5Tool\MD5Tool.csproj", "{A6C35F83-3EC8-4C84-BE1E-C20D6E707436}"
EndProject
Project("{FAE04EC0-301F-11D3-BF4B-00C04F79EFBC}") = "XCLNetFileReplace", "XCLNetFileReplace\XCLNetFileReplace.csproj", "{5100B375-4C25-4AA8-BCDF-1AFA355A5F93}"
EndProject
Project("{FAE04EC0-301F-11D3-BF4B-00C04F79EFBC}") = "XCLRegexpTool", "XCLRegexpTool\XCLRegexpTool.csproj", "{08D8B67F-D665-4122-92AA-259F9DB72895}"
EndProject
Project("{FAE04EC0-301F-11D3-BF4B-00C04F79EFBC}") = "ZFDS_WinKits", "ZFDS_WinKits\ZFDS_WinKits.csproj", "{90E85D5B-1C5C-4B96-A25C-D81B1BFEED5E}"
EndProject
Project("{2150E333-8FDC-42A3-9474-1A3956D46DE8}") = "文件处理", "文件处理", "{4C4080DA-58D5-4FA3-9B5C-0167A01DEB4A}"
EndProject
Project("{2150E333-8FDC-42A3-9474-1A3956D46DE8}") = "文本处理", "文本处理", "{FD13B6D7-33BD-4804-9BD0-DFBB2FB1FD17}"
EndProject
Project("{2150E333-8FDC-42A3-9474-1A3956D46DE8}") = "加密解密", "加密解密", "{1D29F321-5A17-4992-A32B-146395D1CDE7}"
EndProject
Project("{2150E333-8FDC-42A3-9474-1A3956D46DE8}") = "其它", "其它", "{3E394F78-5F04-4ADA-9452-2A8A40E06EB2}"
EndProject
Project("{2150E333-8FDC-42A3-9474-1A3956D46DE8}") = "编码转换", "编码转换", "{BD16ECEB-2B91-4396-BD98-B91AF2F36327}"
EndProject
Project("{FAE04EC0-301F-11D3-BF4B-00C04F79EFBC}") = "StringToJsConst", "StringToJsConst\StringToJsConst.csproj", "{4B88B6BB-FDC4-4798-BFE7-462F1D9BAA9B}"
EndProject
Project("{FAE04EC0-301F-11D3-BF4B-00C04F79EFBC}") = "MyIP", "MyIP\MyIP.csproj", "{EC927BE0-21FA-4216-BDE5-6B8D12E98C2B}"
EndProject
Project("{2150E333-8FDC-42A3-9474-1A3956D46DE8}") = "数据库", "数据库", "{15490ED6-9124-410F-B64C-674EB59F1B7D}"
EndProject
Project("{FAE04EC0-301F-11D3-BF4B-00C04F79EFBC}") = "DB2ExcelDX", "DB2ExcelDX\DB2ExcelDX.csproj", "{541F6A9C-F5F5-44DC-9634-DF1FBF97AB7A}"
EndProject
Global
	GlobalSection(SolutionConfigurationPlatforms) = preSolution
		CD_ROM|Any CPU = CD_ROM|Any CPU
		CD_ROM|x86 = CD_ROM|x86
		Debug|Any CPU = Debug|Any CPU
		Debug|x86 = Debug|x86
		DVD-5|Any CPU = DVD-5|Any CPU
		DVD-5|x86 = DVD-5|x86
		Release|Any CPU = Release|Any CPU
		Release|x86 = Release|x86
		SingleImage|Any CPU = SingleImage|Any CPU
		SingleImage|x86 = SingleImage|x86
	EndGlobalSection
	GlobalSection(ProjectConfigurationPlatforms) = postSolution
		{340435C6-66FF-493F-BE51-F0DD8F0ABC7B}.CD_ROM|Any CPU.ActiveCfg = Release|Any CPU
		{340435C6-66FF-493F-BE51-F0DD8F0ABC7B}.CD_ROM|Any CPU.Build.0 = Release|Any CPU
		{340435C6-66FF-493F-BE51-F0DD8F0ABC7B}.CD_ROM|x86.ActiveCfg = Release|Any CPU
		{340435C6-66FF-493F-BE51-F0DD8F0ABC7B}.CD_ROM|x86.Build.0 = Release|Any CPU
		{340435C6-66FF-493F-BE51-F0DD8F0ABC7B}.Debug|Any CPU.ActiveCfg = Debug|Any CPU
		{340435C6-66FF-493F-BE51-F0DD8F0ABC7B}.Debug|Any CPU.Build.0 = Debug|Any CPU
		{340435C6-66FF-493F-BE51-F0DD8F0ABC7B}.Debug|x86.ActiveCfg = Debug|Any CPU
		{340435C6-66FF-493F-BE51-F0DD8F0ABC7B}.Debug|x86.Build.0 = Debug|Any CPU
		{340435C6-66FF-493F-BE51-F0DD8F0ABC7B}.DVD-5|Any CPU.ActiveCfg = Debug|Any CPU
		{340435C6-66FF-493F-BE51-F0DD8F0ABC7B}.DVD-5|Any CPU.Build.0 = Debug|Any CPU
		{340435C6-66FF-493F-BE51-F0DD8F0ABC7B}.DVD-5|x86.ActiveCfg = Debug|Any CPU
		{340435C6-66FF-493F-BE51-F0DD8F0ABC7B}.DVD-5|x86.Build.0 = Debug|Any CPU
		{340435C6-66FF-493F-BE51-F0DD8F0ABC7B}.Release|Any CPU.ActiveCfg = Release|Any CPU
		{340435C6-66FF-493F-BE51-F0DD8F0ABC7B}.Release|Any CPU.Build.0 = Release|Any CPU
		{340435C6-66FF-493F-BE51-F0DD8F0ABC7B}.Release|x86.ActiveCfg = Release|Any CPU
		{340435C6-66FF-493F-BE51-F0DD8F0ABC7B}.Release|x86.Build.0 = Release|Any CPU
		{340435C6-66FF-493F-BE51-F0DD8F0ABC7B}.SingleImage|Any CPU.ActiveCfg = Release|Any CPU
		{340435C6-66FF-493F-BE51-F0DD8F0ABC7B}.SingleImage|Any CPU.Build.0 = Release|Any CPU
		{340435C6-66FF-493F-BE51-F0DD8F0ABC7B}.SingleImage|x86.ActiveCfg = Release|Any CPU
		{340435C6-66FF-493F-BE51-F0DD8F0ABC7B}.SingleImage|x86.Build.0 = Release|Any CPU
		{52201412-1598-40A3-9898-CB4E320AD5EC}.CD_ROM|Any CPU.ActiveCfg = Release|Any CPU
		{52201412-1598-40A3-9898-CB4E320AD5EC}.CD_ROM|Any CPU.Build.0 = Release|Any CPU
		{52201412-1598-40A3-9898-CB4E320AD5EC}.CD_ROM|x86.ActiveCfg = Release|Any CPU
		{52201412-1598-40A3-9898-CB4E320AD5EC}.CD_ROM|x86.Build.0 = Release|Any CPU
		{52201412-1598-40A3-9898-CB4E320AD5EC}.Debug|Any CPU.ActiveCfg = Debug|Any CPU
		{52201412-1598-40A3-9898-CB4E320AD5EC}.Debug|Any CPU.Build.0 = Debug|Any CPU
		{52201412-1598-40A3-9898-CB4E320AD5EC}.Debug|x86.ActiveCfg = Debug|Any CPU
		{52201412-1598-40A3-9898-CB4E320AD5EC}.Debug|x86.Build.0 = Debug|Any CPU
		{52201412-1598-40A3-9898-CB4E320AD5EC}.DVD-5|Any CPU.ActiveCfg = Debug|Any CPU
		{52201412-1598-40A3-9898-CB4E320AD5EC}.DVD-5|Any CPU.Build.0 = Debug|Any CPU
		{52201412-1598-40A3-9898-CB4E320AD5EC}.DVD-5|x86.ActiveCfg = Debug|Any CPU
		{52201412-1598-40A3-9898-CB4E320AD5EC}.DVD-5|x86.Build.0 = Debug|Any CPU
		{52201412-1598-40A3-9898-CB4E320AD5EC}.Release|Any CPU.ActiveCfg = Release|Any CPU
		{52201412-1598-40A3-9898-CB4E320AD5EC}.Release|Any CPU.Build.0 = Release|Any CPU
		{52201412-1598-40A3-9898-CB4E320AD5EC}.Release|x86.ActiveCfg = Release|Any CPU
		{52201412-1598-40A3-9898-CB4E320AD5EC}.Release|x86.Build.0 = Release|Any CPU
		{52201412-1598-40A3-9898-CB4E320AD5EC}.SingleImage|Any CPU.ActiveCfg = Release|Any CPU
		{52201412-1598-40A3-9898-CB4E320AD5EC}.SingleImage|Any CPU.Build.0 = Release|Any CPU
		{52201412-1598-40A3-9898-CB4E320AD5EC}.SingleImage|x86.ActiveCfg = Release|Any CPU
		{52201412-1598-40A3-9898-CB4E320AD5EC}.SingleImage|x86.Build.0 = Release|Any CPU
		{1A48E205-7F23-464F-AAB4-298356852C28}.CD_ROM|Any CPU.ActiveCfg = Release|Any CPU
		{1A48E205-7F23-464F-AAB4-298356852C28}.CD_ROM|Any CPU.Build.0 = Release|Any CPU
		{1A48E205-7F23-464F-AAB4-298356852C28}.CD_ROM|x86.ActiveCfg = Release|Any CPU
		{1A48E205-7F23-464F-AAB4-298356852C28}.CD_ROM|x86.Build.0 = Release|Any CPU
		{1A48E205-7F23-464F-AAB4-298356852C28}.Debug|Any CPU.ActiveCfg = Debug|Any CPU
		{1A48E205-7F23-464F-AAB4-298356852C28}.Debug|Any CPU.Build.0 = Debug|Any CPU
		{1A48E205-7F23-464F-AAB4-298356852C28}.Debug|x86.ActiveCfg = Debug|Any CPU
		{1A48E205-7F23-464F-AAB4-298356852C28}.Debug|x86.Build.0 = Debug|Any CPU
		{1A48E205-7F23-464F-AAB4-298356852C28}.DVD-5|Any CPU.ActiveCfg = Debug|Any CPU
		{1A48E205-7F23-464F-AAB4-298356852C28}.DVD-5|Any CPU.Build.0 = Debug|Any CPU
		{1A48E205-7F23-464F-AAB4-298356852C28}.DVD-5|x86.ActiveCfg = Debug|Any CPU
		{1A48E205-7F23-464F-AAB4-298356852C28}.DVD-5|x86.Build.0 = Debug|Any CPU
		{1A48E205-7F23-464F-AAB4-298356852C28}.Release|Any CPU.ActiveCfg = Release|Any CPU
		{1A48E205-7F23-464F-AAB4-298356852C28}.Release|Any CPU.Build.0 = Release|Any CPU
		{1A48E205-7F23-464F-AAB4-298356852C28}.Release|x86.ActiveCfg = Release|Any CPU
		{1A48E205-7F23-464F-AAB4-298356852C28}.Release|x86.Build.0 = Release|Any CPU
		{1A48E205-7F23-464F-AAB4-298356852C28}.SingleImage|Any CPU.ActiveCfg = Release|Any CPU
		{1A48E205-7F23-464F-AAB4-298356852C28}.SingleImage|Any CPU.Build.0 = Release|Any CPU
		{1A48E205-7F23-464F-AAB4-298356852C28}.SingleImage|x86.ActiveCfg = Release|Any CPU
		{1A48E205-7F23-464F-AAB4-298356852C28}.SingleImage|x86.Build.0 = Release|Any CPU
		{423C17AD-325D-4D40-8F18-9BF1FD26D0DA}.CD_ROM|Any CPU.ActiveCfg = Release|Any CPU
		{423C17AD-325D-4D40-8F18-9BF1FD26D0DA}.CD_ROM|Any CPU.Build.0 = Release|Any CPU
		{423C17AD-325D-4D40-8F18-9BF1FD26D0DA}.CD_ROM|x86.ActiveCfg = Release|Any CPU
		{423C17AD-325D-4D40-8F18-9BF1FD26D0DA}.CD_ROM|x86.Build.0 = Release|Any CPU
		{423C17AD-325D-4D40-8F18-9BF1FD26D0DA}.Debug|Any CPU.ActiveCfg = Debug|Any CPU
		{423C17AD-325D-4D40-8F18-9BF1FD26D0DA}.Debug|Any CPU.Build.0 = Debug|Any CPU
		{423C17AD-325D-4D40-8F18-9BF1FD26D0DA}.Debug|x86.ActiveCfg = Debug|Any CPU
		{423C17AD-325D-4D40-8F18-9BF1FD26D0DA}.Debug|x86.Build.0 = Debug|Any CPU
		{423C17AD-325D-4D40-8F18-9BF1FD26D0DA}.DVD-5|Any CPU.ActiveCfg = Debug|Any CPU
		{423C17AD-325D-4D40-8F18-9BF1FD26D0DA}.DVD-5|Any CPU.Build.0 = Debug|Any CPU
		{423C17AD-325D-4D40-8F18-9BF1FD26D0DA}.DVD-5|x86.ActiveCfg = Debug|Any CPU
		{423C17AD-325D-4D40-8F18-9BF1FD26D0DA}.DVD-5|x86.Build.0 = Debug|Any CPU
		{423C17AD-325D-4D40-8F18-9BF1FD26D0DA}.Release|Any CPU.ActiveCfg = Release|Any CPU
		{423C17AD-325D-4D40-8F18-9BF1FD26D0DA}.Release|Any CPU.Build.0 = Release|Any CPU
		{423C17AD-325D-4D40-8F18-9BF1FD26D0DA}.Release|x86.ActiveCfg = Release|Any CPU
		{423C17AD-325D-4D40-8F18-9BF1FD26D0DA}.Release|x86.Build.0 = Release|Any CPU
		{423C17AD-325D-4D40-8F18-9BF1FD26D0DA}.SingleImage|Any CPU.ActiveCfg = Release|Any CPU
		{423C17AD-325D-4D40-8F18-9BF1FD26D0DA}.SingleImage|Any CPU.Build.0 = Release|Any CPU
		{423C17AD-325D-4D40-8F18-9BF1FD26D0DA}.SingleImage|x86.ActiveCfg = Release|Any CPU
		{423C17AD-325D-4D40-8F18-9BF1FD26D0DA}.SingleImage|x86.Build.0 = Release|Any CPU
		{43DB48C8-572D-420B-ABA4-BF445697B74F}.CD_ROM|Any CPU.ActiveCfg = Release|Any CPU
		{43DB48C8-572D-420B-ABA4-BF445697B74F}.CD_ROM|Any CPU.Build.0 = Release|Any CPU
		{43DB48C8-572D-420B-ABA4-BF445697B74F}.CD_ROM|x86.ActiveCfg = Release|Any CPU
		{43DB48C8-572D-420B-ABA4-BF445697B74F}.CD_ROM|x86.Build.0 = Release|Any CPU
		{43DB48C8-572D-420B-ABA4-BF445697B74F}.Debug|Any CPU.ActiveCfg = Debug|Any CPU
		{43DB48C8-572D-420B-ABA4-BF445697B74F}.Debug|Any CPU.Build.0 = Debug|Any CPU
		{43DB48C8-572D-420B-ABA4-BF445697B74F}.Debug|x86.ActiveCfg = Debug|Any CPU
		{43DB48C8-572D-420B-ABA4-BF445697B74F}.Debug|x86.Build.0 = Debug|Any CPU
		{43DB48C8-572D-420B-ABA4-BF445697B74F}.DVD-5|Any CPU.ActiveCfg = Debug|Any CPU
		{43DB48C8-572D-420B-ABA4-BF445697B74F}.DVD-5|Any CPU.Build.0 = Debug|Any CPU
		{43DB48C8-572D-420B-ABA4-BF445697B74F}.DVD-5|x86.ActiveCfg = Debug|Any CPU
		{43DB48C8-572D-420B-ABA4-BF445697B74F}.DVD-5|x86.Build.0 = Debug|Any CPU
		{43DB48C8-572D-420B-ABA4-BF445697B74F}.Release|Any CPU.ActiveCfg = Release|Any CPU
		{43DB48C8-572D-420B-ABA4-BF445697B74F}.Release|Any CPU.Build.0 = Release|Any CPU
		{43DB48C8-572D-420B-ABA4-BF445697B74F}.Release|x86.ActiveCfg = Release|Any CPU
		{43DB48C8-572D-420B-ABA4-BF445697B74F}.Release|x86.Build.0 = Release|Any CPU
		{43DB48C8-572D-420B-ABA4-BF445697B74F}.SingleImage|Any CPU.ActiveCfg = Release|Any CPU
		{43DB48C8-572D-420B-ABA4-BF445697B74F}.SingleImage|Any CPU.Build.0 = Release|Any CPU
		{43DB48C8-572D-420B-ABA4-BF445697B74F}.SingleImage|x86.ActiveCfg = Release|Any CPU
		{43DB48C8-572D-420B-ABA4-BF445697B74F}.SingleImage|x86.Build.0 = Release|Any CPU
		{382EBCFA-B602-4C99-A925-B2EA72C1F832}.CD_ROM|Any CPU.ActiveCfg = Release|Any CPU
		{382EBCFA-B602-4C99-A925-B2EA72C1F832}.CD_ROM|Any CPU.Build.0 = Release|Any CPU
		{382EBCFA-B602-4C99-A925-B2EA72C1F832}.CD_ROM|x86.ActiveCfg = Release|Any CPU
		{382EBCFA-B602-4C99-A925-B2EA72C1F832}.CD_ROM|x86.Build.0 = Release|Any CPU
		{382EBCFA-B602-4C99-A925-B2EA72C1F832}.Debug|Any CPU.ActiveCfg = Debug|Any CPU
		{382EBCFA-B602-4C99-A925-B2EA72C1F832}.Debug|Any CPU.Build.0 = Debug|Any CPU
		{382EBCFA-B602-4C99-A925-B2EA72C1F832}.Debug|x86.ActiveCfg = Debug|Any CPU
		{382EBCFA-B602-4C99-A925-B2EA72C1F832}.Debug|x86.Build.0 = Debug|Any CPU
		{382EBCFA-B602-4C99-A925-B2EA72C1F832}.DVD-5|Any CPU.ActiveCfg = Debug|Any CPU
		{382EBCFA-B602-4C99-A925-B2EA72C1F832}.DVD-5|Any CPU.Build.0 = Debug|Any CPU
		{382EBCFA-B602-4C99-A925-B2EA72C1F832}.DVD-5|x86.ActiveCfg = Debug|Any CPU
		{382EBCFA-B602-4C99-A925-B2EA72C1F832}.DVD-5|x86.Build.0 = Debug|Any CPU
		{382EBCFA-B602-4C99-A925-B2EA72C1F832}.Release|Any CPU.ActiveCfg = Release|Any CPU
		{382EBCFA-B602-4C99-A925-B2EA72C1F832}.Release|Any CPU.Build.0 = Release|Any CPU
		{382EBCFA-B602-4C99-A925-B2EA72C1F832}.Release|x86.ActiveCfg = Release|Any CPU
		{382EBCFA-B602-4C99-A925-B2EA72C1F832}.Release|x86.Build.0 = Release|Any CPU
		{382EBCFA-B602-4C99-A925-B2EA72C1F832}.SingleImage|Any CPU.ActiveCfg = Release|Any CPU
		{382EBCFA-B602-4C99-A925-B2EA72C1F832}.SingleImage|Any CPU.Build.0 = Release|Any CPU
		{382EBCFA-B602-4C99-A925-B2EA72C1F832}.SingleImage|x86.ActiveCfg = Release|Any CPU
		{382EBCFA-B602-4C99-A925-B2EA72C1F832}.SingleImage|x86.Build.0 = Release|Any CPU
		{C2C1F812-E06C-4B12-9B7C-0795D39BF634}.CD_ROM|Any CPU.ActiveCfg = Release|Any CPU
		{C2C1F812-E06C-4B12-9B7C-0795D39BF634}.CD_ROM|Any CPU.Build.0 = Release|Any CPU
		{C2C1F812-E06C-4B12-9B7C-0795D39BF634}.CD_ROM|x86.ActiveCfg = Release|Any CPU
		{C2C1F812-E06C-4B12-9B7C-0795D39BF634}.CD_ROM|x86.Build.0 = Release|Any CPU
		{C2C1F812-E06C-4B12-9B7C-0795D39BF634}.Debug|Any CPU.ActiveCfg = Debug|Any CPU
		{C2C1F812-E06C-4B12-9B7C-0795D39BF634}.Debug|Any CPU.Build.0 = Debug|Any CPU
		{C2C1F812-E06C-4B12-9B7C-0795D39BF634}.Debug|x86.ActiveCfg = Debug|Any CPU
		{C2C1F812-E06C-4B12-9B7C-0795D39BF634}.Debug|x86.Build.0 = Debug|Any CPU
		{C2C1F812-E06C-4B12-9B7C-0795D39BF634}.DVD-5|Any CPU.ActiveCfg = Debug|Any CPU
		{C2C1F812-E06C-4B12-9B7C-0795D39BF634}.DVD-5|Any CPU.Build.0 = Debug|Any CPU
		{C2C1F812-E06C-4B12-9B7C-0795D39BF634}.DVD-5|x86.ActiveCfg = Debug|Any CPU
		{C2C1F812-E06C-4B12-9B7C-0795D39BF634}.DVD-5|x86.Build.0 = Debug|Any CPU
		{C2C1F812-E06C-4B12-9B7C-0795D39BF634}.Release|Any CPU.ActiveCfg = Release|Any CPU
		{C2C1F812-E06C-4B12-9B7C-0795D39BF634}.Release|Any CPU.Build.0 = Release|Any CPU
		{C2C1F812-E06C-4B12-9B7C-0795D39BF634}.Release|x86.ActiveCfg = Release|Any CPU
		{C2C1F812-E06C-4B12-9B7C-0795D39BF634}.Release|x86.Build.0 = Release|Any CPU
		{C2C1F812-E06C-4B12-9B7C-0795D39BF634}.SingleImage|Any CPU.ActiveCfg = Release|Any CPU
		{C2C1F812-E06C-4B12-9B7C-0795D39BF634}.SingleImage|Any CPU.Build.0 = Release|Any CPU
		{C2C1F812-E06C-4B12-9B7C-0795D39BF634}.SingleImage|x86.ActiveCfg = Release|Any CPU
		{C2C1F812-E06C-4B12-9B7C-0795D39BF634}.SingleImage|x86.Build.0 = Release|Any CPU
		{A6C35F83-3EC8-4C84-BE1E-C20D6E707436}.CD_ROM|Any CPU.ActiveCfg = Release|Any CPU
		{A6C35F83-3EC8-4C84-BE1E-C20D6E707436}.CD_ROM|Any CPU.Build.0 = Release|Any CPU
		{A6C35F83-3EC8-4C84-BE1E-C20D6E707436}.CD_ROM|x86.ActiveCfg = Release|Any CPU
		{A6C35F83-3EC8-4C84-BE1E-C20D6E707436}.CD_ROM|x86.Build.0 = Release|Any CPU
		{A6C35F83-3EC8-4C84-BE1E-C20D6E707436}.Debug|Any CPU.ActiveCfg = Debug|Any CPU
		{A6C35F83-3EC8-4C84-BE1E-C20D6E707436}.Debug|Any CPU.Build.0 = Debug|Any CPU
		{A6C35F83-3EC8-4C84-BE1E-C20D6E707436}.Debug|x86.ActiveCfg = Debug|Any CPU
		{A6C35F83-3EC8-4C84-BE1E-C20D6E707436}.Debug|x86.Build.0 = Debug|Any CPU
		{A6C35F83-3EC8-4C84-BE1E-C20D6E707436}.DVD-5|Any CPU.ActiveCfg = Debug|Any CPU
		{A6C35F83-3EC8-4C84-BE1E-C20D6E707436}.DVD-5|Any CPU.Build.0 = Debug|Any CPU
		{A6C35F83-3EC8-4C84-BE1E-C20D6E707436}.DVD-5|x86.ActiveCfg = Debug|Any CPU
		{A6C35F83-3EC8-4C84-BE1E-C20D6E707436}.DVD-5|x86.Build.0 = Debug|Any CPU
		{A6C35F83-3EC8-4C84-BE1E-C20D6E707436}.Release|Any CPU.ActiveCfg = Release|Any CPU
		{A6C35F83-3EC8-4C84-BE1E-C20D6E707436}.Release|Any CPU.Build.0 = Release|Any CPU
		{A6C35F83-3EC8-4C84-BE1E-C20D6E707436}.Release|x86.ActiveCfg = Release|Any CPU
		{A6C35F83-3EC8-4C84-BE1E-C20D6E707436}.Release|x86.Build.0 = Release|Any CPU
		{A6C35F83-3EC8-4C84-BE1E-C20D6E707436}.SingleImage|Any CPU.ActiveCfg = Release|Any CPU
		{A6C35F83-3EC8-4C84-BE1E-C20D6E707436}.SingleImage|Any CPU.Build.0 = Release|Any CPU
		{A6C35F83-3EC8-4C84-BE1E-C20D6E707436}.SingleImage|x86.ActiveCfg = Release|Any CPU
		{A6C35F83-3EC8-4C84-BE1E-C20D6E707436}.SingleImage|x86.Build.0 = Release|Any CPU
		{5100B375-4C25-4AA8-BCDF-1AFA355A5F93}.CD_ROM|Any CPU.ActiveCfg = Release|Any CPU
		{5100B375-4C25-4AA8-BCDF-1AFA355A5F93}.CD_ROM|Any CPU.Build.0 = Release|Any CPU
		{5100B375-4C25-4AA8-BCDF-1AFA355A5F93}.CD_ROM|x86.ActiveCfg = Release|Any CPU
		{5100B375-4C25-4AA8-BCDF-1AFA355A5F93}.CD_ROM|x86.Build.0 = Release|Any CPU
		{5100B375-4C25-4AA8-BCDF-1AFA355A5F93}.Debug|Any CPU.ActiveCfg = Debug|Any CPU
		{5100B375-4C25-4AA8-BCDF-1AFA355A5F93}.Debug|Any CPU.Build.0 = Debug|Any CPU
		{5100B375-4C25-4AA8-BCDF-1AFA355A5F93}.Debug|x86.ActiveCfg = Debug|Any CPU
		{5100B375-4C25-4AA8-BCDF-1AFA355A5F93}.Debug|x86.Build.0 = Debug|Any CPU
		{5100B375-4C25-4AA8-BCDF-1AFA355A5F93}.DVD-5|Any CPU.ActiveCfg = Debug|Any CPU
		{5100B375-4C25-4AA8-BCDF-1AFA355A5F93}.DVD-5|Any CPU.Build.0 = Debug|Any CPU
		{5100B375-4C25-4AA8-BCDF-1AFA355A5F93}.DVD-5|x86.ActiveCfg = Debug|Any CPU
		{5100B375-4C25-4AA8-BCDF-1AFA355A5F93}.DVD-5|x86.Build.0 = Debug|Any CPU
		{5100B375-4C25-4AA8-BCDF-1AFA355A5F93}.Release|Any CPU.ActiveCfg = Release|Any CPU
		{5100B375-4C25-4AA8-BCDF-1AFA355A5F93}.Release|Any CPU.Build.0 = Release|Any CPU
		{5100B375-4C25-4AA8-BCDF-1AFA355A5F93}.Release|x86.ActiveCfg = Release|Any CPU
		{5100B375-4C25-4AA8-BCDF-1AFA355A5F93}.Release|x86.Build.0 = Release|Any CPU
		{5100B375-4C25-4AA8-BCDF-1AFA355A5F93}.SingleImage|Any CPU.ActiveCfg = Release|Any CPU
		{5100B375-4C25-4AA8-BCDF-1AFA355A5F93}.SingleImage|Any CPU.Build.0 = Release|Any CPU
		{5100B375-4C25-4AA8-BCDF-1AFA355A5F93}.SingleImage|x86.ActiveCfg = Release|Any CPU
		{5100B375-4C25-4AA8-BCDF-1AFA355A5F93}.SingleImage|x86.Build.0 = Release|Any CPU
		{08D8B67F-D665-4122-92AA-259F9DB72895}.CD_ROM|Any CPU.ActiveCfg = Release|Any CPU
		{08D8B67F-D665-4122-92AA-259F9DB72895}.CD_ROM|Any CPU.Build.0 = Release|Any CPU
		{08D8B67F-D665-4122-92AA-259F9DB72895}.CD_ROM|x86.ActiveCfg = Release|Any CPU
		{08D8B67F-D665-4122-92AA-259F9DB72895}.CD_ROM|x86.Build.0 = Release|Any CPU
		{08D8B67F-D665-4122-92AA-259F9DB72895}.Debug|Any CPU.ActiveCfg = Debug|Any CPU
		{08D8B67F-D665-4122-92AA-259F9DB72895}.Debug|Any CPU.Build.0 = Debug|Any CPU
		{08D8B67F-D665-4122-92AA-259F9DB72895}.Debug|x86.ActiveCfg = Debug|Any CPU
		{08D8B67F-D665-4122-92AA-259F9DB72895}.Debug|x86.Build.0 = Debug|Any CPU
		{08D8B67F-D665-4122-92AA-259F9DB72895}.DVD-5|Any CPU.ActiveCfg = Debug|Any CPU
		{08D8B67F-D665-4122-92AA-259F9DB72895}.DVD-5|Any CPU.Build.0 = Debug|Any CPU
		{08D8B67F-D665-4122-92AA-259F9DB72895}.DVD-5|x86.ActiveCfg = Debug|Any CPU
		{08D8B67F-D665-4122-92AA-259F9DB72895}.DVD-5|x86.Build.0 = Debug|Any CPU
		{08D8B67F-D665-4122-92AA-259F9DB72895}.Release|Any CPU.ActiveCfg = Release|Any CPU
		{08D8B67F-D665-4122-92AA-259F9DB72895}.Release|Any CPU.Build.0 = Release|Any CPU
		{08D8B67F-D665-4122-92AA-259F9DB72895}.Release|x86.ActiveCfg = Release|Any CPU
		{08D8B67F-D665-4122-92AA-259F9DB72895}.Release|x86.Build.0 = Release|Any CPU
		{08D8B67F-D665-4122-92AA-259F9DB72895}.SingleImage|Any CPU.ActiveCfg = Release|Any CPU
		{08D8B67F-D665-4122-92AA-259F9DB72895}.SingleImage|Any CPU.Build.0 = Release|Any CPU
		{08D8B67F-D665-4122-92AA-259F9DB72895}.SingleImage|x86.ActiveCfg = Release|Any CPU
		{08D8B67F-D665-4122-92AA-259F9DB72895}.SingleImage|x86.Build.0 = Release|Any CPU
		{90E85D5B-1C5C-4B96-A25C-D81B1BFEED5E}.CD_ROM|Any CPU.ActiveCfg = Release|Any CPU
		{90E85D5B-1C5C-4B96-A25C-D81B1BFEED5E}.CD_ROM|Any CPU.Build.0 = Release|Any CPU
		{90E85D5B-1C5C-4B96-A25C-D81B1BFEED5E}.CD_ROM|x86.ActiveCfg = Release|x86
		{90E85D5B-1C5C-4B96-A25C-D81B1BFEED5E}.CD_ROM|x86.Build.0 = Release|x86
		{90E85D5B-1C5C-4B96-A25C-D81B1BFEED5E}.Debug|Any CPU.ActiveCfg = Debug|Any CPU
		{90E85D5B-1C5C-4B96-A25C-D81B1BFEED5E}.Debug|x86.ActiveCfg = Debug|x86
		{90E85D5B-1C5C-4B96-A25C-D81B1BFEED5E}.Debug|x86.Build.0 = Debug|x86
		{90E85D5B-1C5C-4B96-A25C-D81B1BFEED5E}.DVD-5|Any CPU.ActiveCfg = Debug|Any CPU
		{90E85D5B-1C5C-4B96-A25C-D81B1BFEED5E}.DVD-5|Any CPU.Build.0 = Debug|Any CPU
		{90E85D5B-1C5C-4B96-A25C-D81B1BFEED5E}.DVD-5|x86.ActiveCfg = Debug|x86
		{90E85D5B-1C5C-4B96-A25C-D81B1BFEED5E}.DVD-5|x86.Build.0 = Debug|x86
		{90E85D5B-1C5C-4B96-A25C-D81B1BFEED5E}.Release|Any CPU.ActiveCfg = Release|x86
		{90E85D5B-1C5C-4B96-A25C-D81B1BFEED5E}.Release|x86.ActiveCfg = Release|x86
		{90E85D5B-1C5C-4B96-A25C-D81B1BFEED5E}.Release|x86.Build.0 = Release|x86
		{90E85D5B-1C5C-4B96-A25C-D81B1BFEED5E}.SingleImage|Any CPU.ActiveCfg = Release|Any CPU
		{90E85D5B-1C5C-4B96-A25C-D81B1BFEED5E}.SingleImage|Any CPU.Build.0 = Release|Any CPU
		{90E85D5B-1C5C-4B96-A25C-D81B1BFEED5E}.SingleImage|x86.ActiveCfg = Release|x86
		{90E85D5B-1C5C-4B96-A25C-D81B1BFEED5E}.SingleImage|x86.Build.0 = Release|x86
		{4B88B6BB-FDC4-4798-BFE7-462F1D9BAA9B}.CD_ROM|Any CPU.ActiveCfg = Release|Any CPU
		{4B88B6BB-FDC4-4798-BFE7-462F1D9BAA9B}.CD_ROM|Any CPU.Build.0 = Release|Any CPU
		{4B88B6BB-FDC4-4798-BFE7-462F1D9BAA9B}.CD_ROM|x86.ActiveCfg = Release|Any CPU
		{4B88B6BB-FDC4-4798-BFE7-462F1D9BAA9B}.CD_ROM|x86.Build.0 = Release|Any CPU
		{4B88B6BB-FDC4-4798-BFE7-462F1D9BAA9B}.Debug|Any CPU.ActiveCfg = Debug|Any CPU
		{4B88B6BB-FDC4-4798-BFE7-462F1D9BAA9B}.Debug|Any CPU.Build.0 = Debug|Any CPU
		{4B88B6BB-FDC4-4798-BFE7-462F1D9BAA9B}.Debug|x86.ActiveCfg = Debug|Any CPU
		{4B88B6BB-FDC4-4798-BFE7-462F1D9BAA9B}.Debug|x86.Build.0 = Debug|Any CPU
		{4B88B6BB-FDC4-4798-BFE7-462F1D9BAA9B}.DVD-5|Any CPU.ActiveCfg = Debug|Any CPU
		{4B88B6BB-FDC4-4798-BFE7-462F1D9BAA9B}.DVD-5|Any CPU.Build.0 = Debug|Any CPU
		{4B88B6BB-FDC4-4798-BFE7-462F1D9BAA9B}.DVD-5|x86.ActiveCfg = Debug|Any CPU
		{4B88B6BB-FDC4-4798-BFE7-462F1D9BAA9B}.DVD-5|x86.Build.0 = Debug|Any CPU
		{4B88B6BB-FDC4-4798-BFE7-462F1D9BAA9B}.Release|Any CPU.ActiveCfg = Release|Any CPU
		{4B88B6BB-FDC4-4798-BFE7-462F1D9BAA9B}.Release|Any CPU.Build.0 = Release|Any CPU
		{4B88B6BB-FDC4-4798-BFE7-462F1D9BAA9B}.Release|x86.ActiveCfg = Release|Any CPU
		{4B88B6BB-FDC4-4798-BFE7-462F1D9BAA9B}.Release|x86.Build.0 = Release|Any CPU
		{4B88B6BB-FDC4-4798-BFE7-462F1D9BAA9B}.SingleImage|Any CPU.ActiveCfg = Release|Any CPU
		{4B88B6BB-FDC4-4798-BFE7-462F1D9BAA9B}.SingleImage|Any CPU.Build.0 = Release|Any CPU
		{4B88B6BB-FDC4-4798-BFE7-462F1D9BAA9B}.SingleImage|x86.ActiveCfg = Release|Any CPU
		{4B88B6BB-FDC4-4798-BFE7-462F1D9BAA9B}.SingleImage|x86.Build.0 = Release|Any CPU
		{EC927BE0-21FA-4216-BDE5-6B8D12E98C2B}.CD_ROM|Any CPU.ActiveCfg = Release|Any CPU
		{EC927BE0-21FA-4216-BDE5-6B8D12E98C2B}.CD_ROM|Any CPU.Build.0 = Release|Any CPU
		{EC927BE0-21FA-4216-BDE5-6B8D12E98C2B}.CD_ROM|x86.ActiveCfg = Release|Any CPU
		{EC927BE0-21FA-4216-BDE5-6B8D12E98C2B}.CD_ROM|x86.Build.0 = Release|Any CPU
		{EC927BE0-21FA-4216-BDE5-6B8D12E98C2B}.Debug|Any CPU.ActiveCfg = Debug|Any CPU
		{EC927BE0-21FA-4216-BDE5-6B8D12E98C2B}.Debug|Any CPU.Build.0 = Debug|Any CPU
		{EC927BE0-21FA-4216-BDE5-6B8D12E98C2B}.Debug|x86.ActiveCfg = Debug|Any CPU
		{EC927BE0-21FA-4216-BDE5-6B8D12E98C2B}.Debug|x86.Build.0 = Debug|Any CPU
		{EC927BE0-21FA-4216-BDE5-6B8D12E98C2B}.DVD-5|Any CPU.ActiveCfg = Debug|Any CPU
		{EC927BE0-21FA-4216-BDE5-6B8D12E98C2B}.DVD-5|Any CPU.Build.0 = Debug|Any CPU
		{EC927BE0-21FA-4216-BDE5-6B8D12E98C2B}.DVD-5|x86.ActiveCfg = Debug|Any CPU
		{EC927BE0-21FA-4216-BDE5-6B8D12E98C2B}.DVD-5|x86.Build.0 = Debug|Any CPU
		{EC927BE0-21FA-4216-BDE5-6B8D12E98C2B}.Release|Any CPU.ActiveCfg = Release|Any CPU
		{EC927BE0-21FA-4216-BDE5-6B8D12E98C2B}.Release|Any CPU.Build.0 = Release|Any CPU
		{EC927BE0-21FA-4216-BDE5-6B8D12E98C2B}.Release|x86.ActiveCfg = Release|Any CPU
		{EC927BE0-21FA-4216-BDE5-6B8D12E98C2B}.Release|x86.Build.0 = Release|Any CPU
		{EC927BE0-21FA-4216-BDE5-6B8D12E98C2B}.SingleImage|Any CPU.ActiveCfg = Release|Any CPU
		{EC927BE0-21FA-4216-BDE5-6B8D12E98C2B}.SingleImage|Any CPU.Build.0 = Release|Any CPU
		{EC927BE0-21FA-4216-BDE5-6B8D12E98C2B}.SingleImage|x86.ActiveCfg = Release|Any CPU
		{EC927BE0-21FA-4216-BDE5-6B8D12E98C2B}.SingleImage|x86.Build.0 = Release|Any CPU
		{541F6A9C-F5F5-44DC-9634-DF1FBF97AB7A}.CD_ROM|Any CPU.ActiveCfg = Release|Any CPU
		{541F6A9C-F5F5-44DC-9634-DF1FBF97AB7A}.CD_ROM|Any CPU.Build.0 = Release|Any CPU
		{541F6A9C-F5F5-44DC-9634-DF1FBF97AB7A}.CD_ROM|x86.ActiveCfg = Release|Any CPU
		{541F6A9C-F5F5-44DC-9634-DF1FBF97AB7A}.CD_ROM|x86.Build.0 = Release|Any CPU
		{541F6A9C-F5F5-44DC-9634-DF1FBF97AB7A}.Debug|Any CPU.ActiveCfg = Debug|Any CPU
		{541F6A9C-F5F5-44DC-9634-DF1FBF97AB7A}.Debug|Any CPU.Build.0 = Debug|Any CPU
		{541F6A9C-F5F5-44DC-9634-DF1FBF97AB7A}.Debug|x86.ActiveCfg = Debug|Any CPU
		{541F6A9C-F5F5-44DC-9634-DF1FBF97AB7A}.Debug|x86.Build.0 = Debug|Any CPU
		{541F6A9C-F5F5-44DC-9634-DF1FBF97AB7A}.DVD-5|Any CPU.ActiveCfg = Debug|Any CPU
		{541F6A9C-F5F5-44DC-9634-DF1FBF97AB7A}.DVD-5|Any CPU.Build.0 = Debug|Any CPU
		{541F6A9C-F5F5-44DC-9634-DF1FBF97AB7A}.DVD-5|x86.ActiveCfg = Debug|Any CPU
		{541F6A9C-F5F5-44DC-9634-DF1FBF97AB7A}.DVD-5|x86.Build.0 = Debug|Any CPU
		{541F6A9C-F5F5-44DC-9634-DF1FBF97AB7A}.Release|Any CPU.ActiveCfg = Release|Any CPU
		{541F6A9C-F5F5-44DC-9634-DF1FBF97AB7A}.Release|Any CPU.Build.0 = Release|Any CPU
		{541F6A9C-F5F5-44DC-9634-DF1FBF97AB7A}.Release|x86.ActiveCfg = Release|Any CPU
		{541F6A9C-F5F5-44DC-9634-DF1FBF97AB7A}.Release|x86.Build.0 = Release|Any CPU
		{541F6A9C-F5F5-44DC-9634-DF1FBF97AB7A}.SingleImage|Any CPU.ActiveCfg = Release|Any CPU
		{541F6A9C-F5F5-44DC-9634-DF1FBF97AB7A}.SingleImage|Any CPU.Build.0 = Release|Any CPU
		{541F6A9C-F5F5-44DC-9634-DF1FBF97AB7A}.SingleImage|x86.ActiveCfg = Release|Any CPU
		{541F6A9C-F5F5-44DC-9634-DF1FBF97AB7A}.SingleImage|x86.Build.0 = Release|Any CPU
	EndGlobalSection
	GlobalSection(SolutionProperties) = preSolution
		HideSolutionNode = FALSE
	EndGlobalSection
	GlobalSection(NestedProjects) = preSolution
		{52201412-1598-40A3-9898-CB4E320AD5EC} = {BD16ECEB-2B91-4396-BD98-B91AF2F36327}
		{1A48E205-7F23-464F-AAB4-298356852C28} = {1D29F321-5A17-4992-A32B-146395D1CDE7}
		{382EBCFA-B602-4C99-A925-B2EA72C1F832} = {3E394F78-5F04-4ADA-9452-2A8A40E06EB2}
		{A6C35F83-3EC8-4C84-BE1E-C20D6E707436} = {1D29F321-5A17-4992-A32B-146395D1CDE7}
		{5100B375-4C25-4AA8-BCDF-1AFA355A5F93} = {4C4080DA-58D5-4FA3-9B5C-0167A01DEB4A}
		{08D8B67F-D665-4122-92AA-259F9DB72895} = {FD13B6D7-33BD-4804-9BD0-DFBB2FB1FD17}
		{4B88B6BB-FDC4-4798-BFE7-462F1D9BAA9B} = {FD13B6D7-33BD-4804-9BD0-DFBB2FB1FD17}
		{EC927BE0-21FA-4216-BDE5-6B8D12E98C2B} = {3E394F78-5F04-4ADA-9452-2A8A40E06EB2}
		{541F6A9C-F5F5-44DC-9634-DF1FBF97AB7A} = {15490ED6-9124-410F-B64C-674EB59F1B7D}
	EndGlobalSection
	GlobalSection(ExtensibilityGlobals) = postSolution
		SolutionGuid = {48A8DB5A-7B2E-48F9-9CE1-A0ECC0C3A8A2}
	EndGlobalSection
EndGlobal
